
Microsoft Visual Studio Solution File, Format Version 12.00
# Visual Studio Version 17
VisualStudioVersion = 17.7.34024.191
MinimumVisualStudioVersion = 10.0.40219.1
Project("{FAE04EC0-301F-11D3-BF4B-00C04F79EFBC}") = "ClassGeneric", "ClassGeneric\ClassGeneric.csproj", "{551C2671-56AB-41D3-8470-2EE50B4D586D}"
EndProject
Global
	GlobalSection(SolutionConfigurationPlatforms) = preSolution
		Debug|Any CPU = Debug|Any CPU
		Release|Any CPU = Release|Any CPU
	EndGlobalSection
	GlobalSection(ProjectConfigurationPlatforms) = postSolution
		{551C2671-56AB-41D3-8470-2EE50B4D586D}.Debug|Any CPU.ActiveCfg = Debug|Any CPU
		{551C2671-56AB-41D3-8470-2EE50B4D586D}.Debug|Any CPU.Build.0 = Debug|Any CPU
		{551C2671-56AB-41D3-8470-2EE50B4D586D}.Release|Any CPU.ActiveCfg = Release|Any CPU
		{551C2671-56AB-41D3-8470-2EE50B4D586D}.Release|Any CPU.Build.0 = Release|Any CPU
	EndGlobalSection
	GlobalSection(SolutionProperties) = preSolution
		HideSolutionNode = FALSE
	EndGlobalSection
	GlobalSection(ExtensibilityGlobals) = postSolution
		SolutionGuid = {D93D98F1-9496-4B58-999B-CD4DC5BA5F9B}
	EndGlobalSection
EndGlobal
